
Microsoft Visual Studio Solution File, Format Version 12.00
# Visual Studio Version 17
VisualStudioVersion = 17.8.34511.84
MinimumVisualStudioVersion = 10.0.40219.1
Project("{FAE04EC0-301F-11D3-BF4B-00C04F79EFBC}") = "ComputerNets3", "ComputerNets3\ComputerNets3.csproj", "{A713D217-BB36-4788-A660-3D51D72A95F0}"
EndProject
Global
	GlobalSection(SolutionConfigurationPlatforms) = preSolution
		Debug|Any CPU = Debug|Any CPU
		Release|Any CPU = Release|Any CPU
	EndGlobalSection
	GlobalSection(ProjectConfigurationPlatforms) = postSolution
		{A713D217-BB36-4788-A660-3D51D72A95F0}.Debug|Any CPU.ActiveCfg = Debug|Any CPU
		{A713D217-BB36-4788-A660-3D51D72A95F0}.Debug|Any CPU.Build.0 = Debug|Any CPU
		{A713D217-BB36-4788-A660-3D51D72A95F0}.Release|Any CPU.ActiveCfg = Release|Any CPU
		{A713D217-BB36-4788-A660-3D51D72A95F0}.Release|Any CPU.Build.0 = Release|Any CPU
	EndGlobalSection
	GlobalSection(SolutionProperties) = preSolution
		HideSolutionNode = FALSE
	EndGlobalSection
	GlobalSection(ExtensibilityGlobals) = postSolution
		SolutionGuid = {94063A7E-B909-4231-946D-8AADA8359869}
	EndGlobalSection
EndGlobal
